
Microsoft Visual Studio Solution File, Format Version 12.00
# Visual Studio Version 17
VisualStudioVersion = 17.7.34221.43
MinimumVisualStudioVersion = 10.0.40219.1
Project("{FAE04EC0-301F-11D3-BF4B-00C04F79EFBC}") = "Prodavnica", "Prodavnica\Prodavnica.csproj", "{4447C6F6-E9B3-445B-B4A5-1FAE53779566}"
EndProject
Global
	GlobalSection(SolutionConfigurationPlatforms) = preSolution
		Debug|Any CPU = Debug|Any CPU
		Release|Any CPU = Release|Any CPU
	EndGlobalSection
	GlobalSection(ProjectConfigurationPlatforms) = postSolution
		{4447C6F6-E9B3-445B-B4A5-1FAE53779566}.Debug|Any CPU.ActiveCfg = Debug|Any CPU
		{4447C6F6-E9B3-445B-B4A5-1FAE53779566}.Debug|Any CPU.Build.0 = Debug|Any CPU
		{4447C6F6-E9B3-445B-B4A5-1FAE53779566}.Release|Any CPU.ActiveCfg = Release|Any CPU
		{4447C6F6-E9B3-445B-B4A5-1FAE53779566}.Release|Any CPU.Build.0 = Release|Any CPU
	EndGlobalSection
	GlobalSection(SolutionProperties) = preSolution
		HideSolutionNode = FALSE
	EndGlobalSection
	GlobalSection(ExtensibilityGlobals) = postSolution
		SolutionGuid = {D9C2A20E-130E-4374-95D0-21FCD3E2460E}
	EndGlobalSection
EndGlobal
